{
    "name": "libparsec_bindings_web",
    "version": "3.7.10-rc.3.dev.20563+bf4338b",
    "lockfileVersion": 3,
    "requires": true,
    "packages": {
        "": {
            "name": "libparsec_bindings_web",
            "version": "3.7.10-rc.3.dev.20563+bf4338b",
            "license": "BUSL-1.1"
        }
    }
}
